
Microsoft Visual Studio Solution File, Format Version 12.00
# Visual Studio 15
VisualStudioVersion = 15.0.26430.6
MinimumVisualStudioVersion = 10.0.40219.1
Project("{FAE04EC0-301F-11D3-BF4B-00C04F79EFBC}") = "WebApiShops", "WebApiShops\WebApiShops.csproj", "{7486872F-B558-4E81-89EE-B8BC0C25FFC5}"
EndProject
Project("{FAE04EC0-301F-11D3-BF4B-00C04F79EFBC}") = "WebApiShopsTests", "WebApiShopsTests\WebApiShopsTests.csproj", "{A6B44C23-DDD9-419D-B499-A645F83E1B68}"
EndProject
Global
	GlobalSection(SolutionConfigurationPlatforms) = preSolution
		Debug|Any CPU = Debug|Any CPU
		Release|Any CPU = Release|Any CPU
	EndGlobalSection
	GlobalSection(ProjectConfigurationPlatforms) = postSolution
		{7486872F-B558-4E81-89EE-B8BC0C25FFC5}.Debug|Any CPU.ActiveCfg = Debug|Any CPU
		{7486872F-B558-4E81-89EE-B8BC0C25FFC5}.Debug|Any CPU.Build.0 = Debug|Any CPU
		{7486872F-B558-4E81-89EE-B8BC0C25FFC5}.Release|Any CPU.ActiveCfg = Release|Any CPU
		{7486872F-B558-4E81-89EE-B8BC0C25FFC5}.Release|Any CPU.Build.0 = Release|Any CPU
		{A6B44C23-DDD9-419D-B499-A645F83E1B68}.Debug|Any CPU.ActiveCfg = Debug|Any CPU
		{A6B44C23-DDD9-419D-B499-A645F83E1B68}.Debug|Any CPU.Build.0 = Debug|Any CPU
		{A6B44C23-DDD9-419D-B499-A645F83E1B68}.Release|Any CPU.ActiveCfg = Release|Any CPU
		{A6B44C23-DDD9-419D-B499-A645F83E1B68}.Release|Any CPU.Build.0 = Release|Any CPU
	EndGlobalSection
	GlobalSection(SolutionProperties) = preSolution
		HideSolutionNode = FALSE
	EndGlobalSection
EndGlobal
